
Microsoft Visual Studio Solution File, Format Version 12.00
# Visual Studio 2012
Project("{FAE04EC0-301F-11D3-BF4B-00C04F79EFBC}") = "UniversalImageLoader", "UniversalImageLoader\UniversalImageLoader.csproj", "{B3A4FC42-23FD-4AD3-89EF-1265A2032ADC}"
EndProject
Global
	GlobalSection(SolutionConfigurationPlatforms) = preSolution
		Debug|Any CPU = Debug|Any CPU
		Release|Any CPU = Release|Any CPU
	EndGlobalSection
	GlobalSection(ProjectConfigurationPlatforms) = postSolution
		{B3A4FC42-23FD-4AD3-89EF-1265A2032ADC}.Debug|Any CPU.ActiveCfg = Debug|Any CPU
		{B3A4FC42-23FD-4AD3-89EF-1265A2032ADC}.Debug|Any CPU.Build.0 = Debug|Any CPU
		{B3A4FC42-23FD-4AD3-89EF-1265A2032ADC}.Release|Any CPU.ActiveCfg = Release|Any CPU
		{B3A4FC42-23FD-4AD3-89EF-1265A2032ADC}.Release|Any CPU.Build.0 = Release|Any CPU
	EndGlobalSection
EndGlobal
